
Microsoft Visual Studio Solution File, Format Version 11.00
# Visual Studio 2010
Project("{8BC9CEB8-8B4A-11D0-8D11-00A0C91BC942}") = "preferences", "preferences.vcxproj", "{23D2D83D-B2C4-3B67-A564-00D9371D8625}"
EndProject
Global
	GlobalSection(SolutionConfigurationPlatforms) = preSolution
		Debug|Win32 = Debug|Win32
		Release|Win32 = Release|Win32
	EndGlobalSection
	GlobalSection(ProjectConfigurationPlatforms) = postSolution
		{23D2D83D-B2C4-3B67-A564-00D9371D8625}.Debug|Win32.ActiveCfg = Debug|Win32
		{23D2D83D-B2C4-3B67-A564-00D9371D8625}.Debug|Win32.Build.0 = Debug|Win32
		{23D2D83D-B2C4-3B67-A564-00D9371D8625}.Release|Win32.ActiveCfg = Release|Win32
		{23D2D83D-B2C4-3B67-A564-00D9371D8625}.Release|Win32.Build.0 = Release|Win32
	EndGlobalSection
	GlobalSection(SolutionProperties) = preSolution
		HideSolutionNode = FALSE
	EndGlobalSection
EndGlobal
