
Microsoft Visual Studio Solution File, Format Version 11.00
# Visual Studio 2010
Project("{8BC9CEB8-8B4A-11D0-8D11-00A0C91BC942}") = "sort", "sort.vcxproj", "{7EFD4F5A-915E-3046-9003-9278E3C50E77}"
EndProject
Project("{8BC9CEB8-8B4A-11D0-8D11-00A0C91BC942}") = "spreadsheet", "..\..\chap03\spreadsheet\spreadsheet.vcxproj", "{D2E91718-8625-33BB-A6D4-5317C7F102D3}"
EndProject
Global
	GlobalSection(SolutionConfigurationPlatforms) = preSolution
		Debug|Win32 = Debug|Win32
		Release|Win32 = Release|Win32
	EndGlobalSection
	GlobalSection(ProjectConfigurationPlatforms) = postSolution
		{7EFD4F5A-915E-3046-9003-9278E3C50E77}.Debug|Win32.ActiveCfg = Debug|Win32
		{7EFD4F5A-915E-3046-9003-9278E3C50E77}.Debug|Win32.Build.0 = Debug|Win32
		{7EFD4F5A-915E-3046-9003-9278E3C50E77}.Release|Win32.ActiveCfg = Release|Win32
		{7EFD4F5A-915E-3046-9003-9278E3C50E77}.Release|Win32.Build.0 = Release|Win32
		{D2E91718-8625-33BB-A6D4-5317C7F102D3}.Debug|Win32.ActiveCfg = Debug|Win32
		{D2E91718-8625-33BB-A6D4-5317C7F102D3}.Debug|Win32.Build.0 = Debug|Win32
		{D2E91718-8625-33BB-A6D4-5317C7F102D3}.Release|Win32.ActiveCfg = Release|Win32
		{D2E91718-8625-33BB-A6D4-5317C7F102D3}.Release|Win32.Build.0 = Release|Win32
	EndGlobalSection
	GlobalSection(SolutionProperties) = preSolution
		HideSolutionNode = FALSE
	EndGlobalSection
EndGlobal
